PODS:
  - boost (1.76.0)
  - DoubleConversion (1.1.6)
  - FBLazyVector (0.72.5)
  - FBReactNativeSpec (0.72.5):
    - RCT-Folly (= 2021.07.22.00)
    - RCTRequired (= 0.72.5)
    - RCTTypeSafety (= 0.72.5)
    - React-Core (= 0.72.5)
    - React-jsi (= 0.72.5)
    - ReactCommon/turbomodule/core (= 0.72.5)
  - fmt (6.2.1)
  - glog (0.3.5)
  - hermes-engine (0.72.5):
    - hermes-engine/Pre-built (= 0.72.5)
  - hermes-engine/Pre-built (0.72.5)
  - libevent (2.1.12)
  - RCT-Folly (2021.07.22.00):
    - boost
    - DoubleConversion
    - fmt (~> 6.2.1)
    - glog
    - RCT-Folly/Default (= 2021.07.22.00)
  - RCT-Folly/Default (2021.07.22.00):
    - boost
    - DoubleConversion
    - fmt (~> 6.2.1)
    - glog
  - RCT-Folly/Futures (2021.07.22.00):
    - boost
    - DoubleConversion
    - fmt (~> 6.2.1)
    - glog
    - libevent
  - RCTRequired (0.72.5)
  - RCTTypeSafety (0.72.5):
    - FBLazyVector (= 0.72.5)
    - RCTRequired (= 0.72.5)
    - React-Core (= 0.72.5)
  - React (0.72.5):
    - React-Core (= 0.72.5)
    - React-Core/DevSupport (= 0.72.5)
    - React-Core/RCTWebSocket (= 0.72.5)
    - React-RCTActionSheet (= 0.72.5)
    - React-RCTAnimation (= 0.72.5)
    - React-RCTBlob (= 0.72.5)
    - React-RCTImage (= 0.72.5)
    - React-RCTLinking (= 0.72.5)
    - React-RCTNetwork (= 0.72.5)
    - React-RCTSettings (= 0.72.5)
    - React-RCTText (= 0.72.5)
    - React-RCTVibration (= 0.72.5)
  - React-callinvoker (0.72.5)
  - React-Codegen (0.72.5):
    - DoubleConversion
    - FBReactNativeSpec
    - glog
    - hermes-engine
    - RCT-Folly
    - RCTRequired
    - RCTTypeSafety
    - React-Core
    - React-jsi
    - React-jsiexecutor
    - React-NativeModulesApple
    - React-rncore
    - ReactCommon/turbomodule/bridging
    - ReactCommon/turbomodule/core
  - React-Core (0.72.5):
    - glog
    - hermes-engine
    - RCT-Folly (= 2021.07.22.00)
    - React-Core/Default (= 0.72.5)
    - React-cxxreact
    - React-hermes
    - React-jsi
    - React-jsiexecutor
    - React-perflogger
    - React-runtimeexecutor
    - React-utils
    - SocketRocket (= 0.6.1)
    - Yoga
  - React-Core/CoreModulesHeaders (0.72.5):
    - glog
    - hermes-engine
    - RCT-Folly (= 2021.07.22.00)
    - React-Core/Default
    - React-cxxreact
    - React-hermes
    - React-jsi
    - React-jsiexecutor
    - React-perflogger
    - React-runtimeexecutor
    - React-utils
    - SocketRocket (= 0.6.1)
    - Yoga
  - React-Core/Default (0.72.5):
    - glog
    - hermes-engine
    - RCT-Folly (= 2021.07.22.00)
    - React-cxxreact
    - React-hermes
    - React-jsi
    - React-jsiexecutor
    - React-perflogger
    - React-runtimeexecutor
    - React-utils
    - SocketRocket (= 0.6.1)
    - Yoga
  - React-Core/DevSupport (0.72.5):
    - glog
    - hermes-engine
    - RCT-Folly (= 2021.07.22.00)
    - React-Core/Default (= 0.72.5)
    - React-Core/RCTWebSocket (= 0.72.5)
    - React-cxxreact
    - React-hermes
    - React-jsi
    - React-jsiexecutor
    - React-jsinspector (= 0.72.5)
    - React-perflogger
    - React-runtimeexecutor
    - React-utils
    - SocketRocket (= 0.6.1)
    - Yoga
  - React-Core/RCTActionSheetHeaders (0.72.5):
    - glog
    - hermes-engine
    - RCT-Folly (= 2021.07.22.00)
    - React-Core/Default
    - React-cxxreact
    - React-hermes
    - React-jsi
    - React-jsiexecutor
    - React-perflogger
    - React-runtimeexecutor
    - React-utils
    - SocketRocket (= 0.6.1)
    - Yoga
  - React-Core/RCTAnimationHeaders (0.72.5):
    - glog
    - hermes-engine
    - RCT-Folly (= 2021.07.22.00)
    - React-Core/Default
    - React-cxxreact
    - React-hermes
    - React-jsi
    - React-jsiexecutor
    - React-perflogger
    - React-runtimeexecutor
    - React-utils
    - SocketRocket (= 0.6.1)
    - Yoga
  - React-Core/RCTBlobHeaders (0.72.5):
    - glog
    - hermes-engine
    - RCT-Folly (= 2021.07.22.00)
    - React-Core/Default
    - React-cxxreact
    - React-hermes
    - React-jsi
    - React-jsiexecutor
    - React-perflogger
    - React-runtimeexecutor
    - React-utils
    - SocketRocket (= 0.6.1)
    - Yoga
  - React-Core/RCTImageHeaders (0.72.5):
    - glog
    - hermes-engine
    - RCT-Folly (= 2021.07.22.00)
    - React-Core/Default
    - React-cxxreact
    - React-hermes
    - React-jsi
    - React-jsiexecutor
    - React-perflogger
    - React-runtimeexecutor
    - React-utils
    - SocketRocket (= 0.6.1)
    - Yoga
  - React-Core/RCTLinkingHeaders (0.72.5):
    - glog
    - hermes-engine
    - RCT-Folly (= 2021.07.22.00)
    - React-Core/Default
    - React-cxxreact
    - React-hermes
    - React-jsi
    - React-jsiexecutor
    - React-perflogger
    - React-runtimeexecutor
    - React-utils
    - SocketRocket (= 0.6.1)
    - Yoga
  - React-Core/RCTNetworkHeaders (0.72.5):
    - glog
    - hermes-engine
    - RCT-Folly (= 2021.07.22.00)
    - React-Core/Default
    - React-cxxreact
    - React-hermes
    - React-jsi
    - React-jsiexecutor
    - React-perflogger
    - React-runtimeexecutor
    - React-utils
    - SocketRocket (= 0.6.1)
    - Yoga
  - React-Core/RCTSettingsHeaders (0.72.5):
    - glog
    - hermes-engine
    - RCT-Folly (= 2021.07.22.00)
    - React-Core/Default
    - React-cxxreact
    - React-hermes
    - React-jsi
    - React-jsiexecutor
    - React-perflogger
    - React-runtimeexecutor
    - React-utils
    - SocketRocket (= 0.6.1)
    - Yoga
  - React-Core/RCTTextHeaders (0.72.5):
    - glog
    - hermes-engine
    - RCT-Folly (= 2021.07.22.00)
    - React-Core/Default
    - React-cxxreact
    - React-hermes
    - React-jsi
    - React-jsiexecutor
    - React-perflogger
    - React-runtimeexecutor
    - React-utils
    - SocketRocket (= 0.6.1)
    - Yoga
  - React-Core/RCTVibrationHeaders (0.72.5):
    - glog
    - hermes-engine
    - RCT-Folly (= 2021.07.22.00)
    - React-Core/Default
    - React-cxxreact
    - React-hermes
    - React-jsi
    - React-jsiexecutor
    - React-perflogger
    - React-runtimeexecutor
    - React-utils
    - SocketRocket (= 0.6.1)
    - Yoga
  - React-Core/RCTWebSocket (0.72.5):
    - glog
    - hermes-engine
    - RCT-Folly (= 2021.07.22.00)
    - React-Core/Default (= 0.72.5)
    - React-cxxreact
    - React-hermes
    - React-jsi
    - React-jsiexecutor
    - React-perflogger
    - React-runtimeexecutor
    - React-utils
    - SocketRocket (= 0.6.1)
    - Yoga
  - React-CoreModules (0.72.5):
    - RCT-Folly (= 2021.07.22.00)
    - RCTTypeSafety (= 0.72.5)
    - React-Codegen (= 0.72.5)
    - React-Core/CoreModulesHeaders (= 0.72.5)
    - React-jsi (= 0.72.5)
    - React-RCTBlob
    - React-RCTImage (= 0.72.5)
    - ReactCommon/turbomodule/core (= 0.72.5)
    - SocketRocket (= 0.6.1)
  - React-cxxreact (0.72.5):
    - boost (= 1.76.0)
    - DoubleConversion
    - glog
    - hermes-engine
    - RCT-Folly (= 2021.07.22.00)
    - React-callinvoker (= 0.72.5)
    - React-debug (= 0.72.5)
    - React-jsi (= 0.72.5)
    - React-jsinspector (= 0.72.5)
    - React-logger (= 0.72.5)
    - React-perflogger (= 0.72.5)
    - React-runtimeexecutor (= 0.72.5)
  - React-debug (0.72.5)
  - React-hermes (0.72.5):
    - DoubleConversion
    - glog
    - hermes-engine
    - RCT-Folly (= 2021.07.22.00)
    - RCT-Folly/Futures (= 2021.07.22.00)
    - React-cxxreact (= 0.72.5)
    - React-jsi
    - React-jsiexecutor (= 0.72.5)
    - React-jsinspector (= 0.72.5)
    - React-perflogger (= 0.72.5)
  - React-jsi (0.72.5):
    - boost (= 1.76.0)
    - DoubleConversion
    - glog
    - hermes-engine
    - RCT-Folly (= 2021.07.22.00)
  - React-jsiexecutor (0.72.5):
    - DoubleConversion
    - glog
    - hermes-engine
    - RCT-Folly (= 2021.07.22.00)
    - React-cxxreact (= 0.72.5)
    - React-jsi (= 0.72.5)
    - React-perflogger (= 0.72.5)
  - React-jsinspector (0.72.5)
  - React-logger (0.72.5):
    - glog
  - React-NativeModulesApple (0.72.5):
    - hermes-engine
    - React-callinvoker
    - React-Core
    - React-cxxreact
    - React-jsi
    - React-runtimeexecutor
    - ReactCommon/turbomodule/bridging
    - ReactCommon/turbomodule/core
  - React-perflogger (0.72.5)
  - React-RCTActionSheet (0.72.5):
    - React-Core/RCTActionSheetHeaders (= 0.72.5)
  - React-RCTAnimation (0.72.5):
    - RCT-Folly (= 2021.07.22.00)
    - RCTTypeSafety (= 0.72.5)
    - React-Codegen (= 0.72.5)
    - React-Core/RCTAnimationHeaders (= 0.72.5)
    - React-jsi (= 0.72.5)
    - ReactCommon/turbomodule/core (= 0.72.5)
  - React-RCTAppDelegate (0.72.5):
    - RCT-Folly
    - RCTRequired
    - RCTTypeSafety
    - React-Core
    - React-CoreModules
    - React-hermes
    - React-NativeModulesApple
    - React-RCTImage
    - React-RCTNetwork
    - React-runtimescheduler
    - ReactCommon/turbomodule/core
  - React-RCTBlob (0.72.5):
    - hermes-engine
    - RCT-Folly (= 2021.07.22.00)
    - React-Codegen (= 0.72.5)
    - React-Core/RCTBlobHeaders (= 0.72.5)
    - React-Core/RCTWebSocket (= 0.72.5)
    - React-jsi (= 0.72.5)
    - React-RCTNetwork (= 0.72.5)
    - ReactCommon/turbomodule/core (= 0.72.5)
  - React-RCTImage (0.72.5):
    - RCT-Folly (= 2021.07.22.00)
    - RCTTypeSafety (= 0.72.5)
    - React-Codegen (= 0.72.5)
    - React-Core/RCTImageHeaders (= 0.72.5)
    - React-jsi (= 0.72.5)
    - React-RCTNetwork (= 0.72.5)
    - ReactCommon/turbomodule/core (= 0.72.5)
  - React-RCTLinking (0.72.5):
    - React-Codegen (= 0.72.5)
    - React-Core/RCTLinkingHeaders (= 0.72.5)
    - React-jsi (= 0.72.5)
    - ReactCommon/turbomodule/core (= 0.72.5)
  - React-RCTNetwork (0.72.5):
    - RCT-Folly (= 2021.07.22.00)
    - RCTTypeSafety (= 0.72.5)
    - React-Codegen (= 0.72.5)
    - React-Core/RCTNetworkHeaders (= 0.72.5)
    - React-jsi (= 0.72.5)
    - ReactCommon/turbomodule/core (= 0.72.5)
  - React-RCTSettings (0.72.5):
    - RCT-Folly (= 2021.07.22.00)
    - RCTTypeSafety (= 0.72.5)
    - React-Codegen (= 0.72.5)
    - React-Core/RCTSettingsHeaders (= 0.72.5)
    - React-jsi (= 0.72.5)
    - ReactCommon/turbomodule/core (= 0.72.5)
  - React-RCTText (0.72.5):
    - React-Core/RCTTextHeaders (= 0.72.5)
  - React-RCTVibration (0.72.5):
    - RCT-Folly (= 2021.07.22.00)
    - React-Codegen (= 0.72.5)
    - React-Core/RCTVibrationHeaders (= 0.72.5)
    - React-jsi (= 0.72.5)
    - ReactCommon/turbomodule/core (= 0.72.5)
  - React-rncore (0.72.5)
  - React-runtimeexecutor (0.72.5):
    - React-jsi (= 0.72.5)
  - React-runtimescheduler (0.72.5):
    - glog
    - hermes-engine
    - RCT-Folly (= 2021.07.22.00)
    - React-callinvoker
    - React-debug
    - React-jsi
    - React-runtimeexecutor
  - React-utils (0.72.5):
    - glog
    - RCT-Folly (= 2021.07.22.00)
    - React-debug
  - ReactCommon/turbomodule/bridging (0.72.5):
    - DoubleConversion
    - glog
    - hermes-engine
    - RCT-Folly (= 2021.07.22.00)
    - React-callinvoker (= 0.72.5)
    - React-cxxreact (= 0.72.5)
    - React-jsi (= 0.72.5)
    - React-logger (= 0.72.5)
    - React-perflogger (= 0.72.5)
  - ReactCommon/turbomodule/core (0.72.5):
    - DoubleConversion
    - glog
    - hermes-engine
    - RCT-Folly (= 2021.07.22.00)
    - React-callinvoker (= 0.72.5)
    - React-cxxreact (= 0.72.5)
    - React-jsi (= 0.72.5)
    - React-logger (= 0.72.5)
    - React-perflogger (= 0.72.5)
  - RNGestureHandler (2.22.1):
    - RCT-Folly (= 2021.07.22.00)
    - React-Core
  - RNReanimated (3.16.7):
    - RCT-Folly (= 2021.07.22.00)
    - React-Core
    - ReactCommon/turbomodule/core
    - RNReanimated/reanimated (= 3.16.7)
    - RNReanimated/worklets (= 3.16.7)
  - RNReanimated/reanimated (3.16.7):
    - RCT-Folly (= 2021.07.22.00)
    - React-Core
    - ReactCommon/turbomodule/core
    - RNReanimated/reanimated/apple (= 3.16.7)
  - RNReanimated/reanimated/apple (3.16.7):
    - RCT-Folly (= 2021.07.22.00)
    - React-Core
    - ReactCommon/turbomodule/core
  - RNReanimated/worklets (3.16.7):
    - RCT-Folly (= 2021.07.22.00)
    - React-Core
    - ReactCommon/turbomodule/core
  - SocketRocket (0.6.1)
  - Yoga (1.14.0)

DEPENDENCIES:
  - boost (from `../node_modules/react-native/third-party-podspecs/boost.podspec`)
  - DoubleConversion (from `../node_modules/react-native/third-party-podspecs/DoubleConversion.podspec`)
  - FBLazyVector (from `../node_modules/react-native/Libraries/FBLazyVector`)
  - FBReactNativeSpec (from `../node_modules/react-native/React/FBReactNativeSpec`)
  - glog (from `../node_modules/react-native/third-party-podspecs/glog.podspec`)
  - hermes-engine (from `../node_modules/react-native/sdks/hermes-engine/hermes-engine.podspec`)
  - libevent (~> 2.1.12)
  - RCT-Folly (from `../node_modules/react-native/third-party-podspecs/RCT-Folly.podspec`)
  - RCTRequired (from `../node_modules/react-native/Libraries/RCTRequired`)
  - RCTTypeSafety (from `../node_modules/react-native/Libraries/TypeSafety`)
  - React (from `../node_modules/react-native/`)
  - React-callinvoker (from `../node_modules/react-native/ReactCommon/callinvoker`)
  - React-Codegen (from `build/generated/ios`)
  - React-Core (from `../node_modules/react-native/`)
  - React-Core/RCTWebSocket (from `../node_modules/react-native/`)
  - React-CoreModules (from `../node_modules/react-native/React/CoreModules`)
  - React-cxxreact (from `../node_modules/react-native/ReactCommon/cxxreact`)
  - React-debug (from `../node_modules/react-native/ReactCommon/react/debug`)
  - React-hermes (from `../node_modules/react-native/ReactCommon/hermes`)
  - React-jsi (from `../node_modules/react-native/ReactCommon/jsi`)
  - React-jsiexecutor (from `../node_modules/react-native/ReactCommon/jsiexecutor`)
  - React-jsinspector (from `../node_modules/react-native/ReactCommon/jsinspector`)
  - React-logger (from `../node_modules/react-native/ReactCommon/logger`)
  - React-NativeModulesApple (from `../node_modules/react-native/ReactCommon/react/nativemodule/core/platform/ios`)
  - React-perflogger (from `../node_modules/react-native/ReactCommon/reactperflogger`)
  - React-RCTActionSheet (from `../node_modules/react-native/Libraries/ActionSheetIOS`)
  - React-RCTAnimation (from `../node_modules/react-native/Libraries/NativeAnimation`)
  - React-RCTAppDelegate (from `../node_modules/react-native/Libraries/AppDelegate`)
  - React-RCTBlob (from `../node_modules/react-native/Libraries/Blob`)
  - React-RCTImage (from `../node_modules/react-native/Libraries/Image`)
  - React-RCTLinking (from `../node_modules/react-native/Libraries/LinkingIOS`)
  - React-RCTNetwork (from `../node_modules/react-native/Libraries/Network`)
  - React-RCTSettings (from `../node_modules/react-native/Libraries/Settings`)
  - React-RCTText (from `../node_modules/react-native/Libraries/Text`)
  - React-RCTVibration (from `../node_modules/react-native/Libraries/Vibration`)
  - React-rncore (from `../node_modules/react-native/ReactCommon`)
  - React-runtimeexecutor (from `../node_modules/react-native/ReactCommon/runtimeexecutor`)
  - React-runtimescheduler (from `../node_modules/react-native/ReactCommon/react/renderer/runtimescheduler`)
  - React-utils (from `../node_modules/react-native/ReactCommon/react/utils`)
  - ReactCommon/turbomodule/core (from `../node_modules/react-native/ReactCommon`)
  - RNGestureHandler (from `../node_modules/react-native-gesture-handler`)
  - RNReanimated (from `../node_modules/react-native-reanimated`)
  - Yoga (from `../node_modules/react-native/ReactCommon/yoga`)

SPEC REPOS:
  trunk:
    - fmt
    - libevent
    - SocketRocket

EXTERNAL SOURCES:
  boost:
    :podspec: "../node_modules/react-native/third-party-podspecs/boost.podspec"
  DoubleConversion:
    :podspec: "../node_modules/react-native/third-party-podspecs/DoubleConversion.podspec"
  FBLazyVector:
    :path: "../node_modules/react-native/Libraries/FBLazyVector"
  FBReactNativeSpec:
    :path: "../node_modules/react-native/React/FBReactNativeSpec"
  glog:
    :podspec: "../node_modules/react-native/third-party-podspecs/glog.podspec"
  hermes-engine:
    :podspec: "../node_modules/react-native/sdks/hermes-engine/hermes-engine.podspec"
    :tag: hermes-2023-08-07-RNv0.72.4-813b2def12bc9df02654b3e3653ae4a68d0572e0
  RCT-Folly:
    :podspec: "../node_modules/react-native/third-party-podspecs/RCT-Folly.podspec"
  RCTRequired:
    :path: "../node_modules/react-native/Libraries/RCTRequired"
  RCTTypeSafety:
    :path: "../node_modules/react-native/Libraries/TypeSafety"
  React:
    :path: "../node_modules/react-native/"
  React-callinvoker:
    :path: "../node_modules/react-native/ReactCommon/callinvoker"
  React-Codegen:
    :path: build/generated/ios
  React-Core:
    :path: "../node_modules/react-native/"
  React-CoreModules:
    :path: "../node_modules/react-native/React/CoreModules"
  React-cxxreact:
    :path: "../node_modules/react-native/ReactCommon/cxxreact"
  React-debug:
    :path: "../node_modules/react-native/ReactCommon/react/debug"
  React-hermes:
    :path: "../node_modules/react-native/ReactCommon/hermes"
  React-jsi:
    :path: "../node_modules/react-native/ReactCommon/jsi"
  React-jsiexecutor:
    :path: "../node_modules/react-native/ReactCommon/jsiexecutor"
  React-jsinspector:
    :path: "../node_modules/react-native/ReactCommon/jsinspector"
  React-logger:
    :path: "../node_modules/react-native/ReactCommon/logger"
  React-NativeModulesApple:
    :path: "../node_modules/react-native/ReactCommon/react/nativemodule/core/platform/ios"
  React-perflogger:
    :path: "../node_modules/react-native/ReactCommon/reactperflogger"
  React-RCTActionSheet:
    :path: "../node_modules/react-native/Libraries/ActionSheetIOS"
  React-RCTAnimation:
    :path: "../node_modules/react-native/Libraries/NativeAnimation"
  React-RCTAppDelegate:
    :path: "../node_modules/react-native/Libraries/AppDelegate"
  React-RCTBlob:
    :path: "../node_modules/react-native/Libraries/Blob"
  React-RCTImage:
    :path: "../node_modules/react-native/Libraries/Image"
  React-RCTLinking:
    :path: "../node_modules/react-native/Libraries/LinkingIOS"
  React-RCTNetwork:
    :path: "../node_modules/react-native/Libraries/Network"
  React-RCTSettings:
    :path: "../node_modules/react-native/Libraries/Settings"
  React-RCTText:
    :path: "../node_modules/react-native/Libraries/Text"
  React-RCTVibration:
    :path: "../node_modules/react-native/Libraries/Vibration"
  React-rncore:
    :path: "../node_modules/react-native/ReactCommon"
  React-runtimeexecutor:
    :path: "../node_modules/react-native/ReactCommon/runtimeexecutor"
  React-runtimescheduler:
    :path: "../node_modules/react-native/ReactCommon/react/renderer/runtimescheduler"
  React-utils:
    :path: "../node_modules/react-native/ReactCommon/react/utils"
  ReactCommon:
    :path: "../node_modules/react-native/ReactCommon"
  RNGestureHandler:
    :path: "../node_modules/react-native-gesture-handler"
  RNReanimated:
    :path: "../node_modules/react-native-reanimated"
  Yoga:
    :path: "../node_modules/react-native/ReactCommon/yoga"

SPEC CHECKSUMS:
  boost: 0a937fbcfdd646fca221c4f1d9750d7ccfdfc2dc
  DoubleConversion: 5189b271737e1565bdce30deb4a08d647e3f5f54
  FBLazyVector: 71803c074f6325f10b5ec891c443b6bbabef0ca7
  FBReactNativeSpec: 448e08a759d29a96e15725ae532445bf4343567c
  fmt: ff9d55029c625d3757ed641535fd4a75fedc7ce9
  glog: 04b94705f318337d7ead9e6d17c019bd9b1f6b1b
  hermes-engine: f6cf92a471053245614d9d8097736f6337d5b86c
  libevent: 4049cae6c81cdb3654a443be001fb9bdceff7913
  RCT-Folly: 8dc08ca5a393b48b1c523ab6220dfdcc0fe000ad
  RCTRequired: df81ab637d35fac9e6eb94611cfd20f0feb05455
  RCTTypeSafety: 4636e4a36c7c2df332bda6d59b19b41c443d4287
  React: e0cc5197a804031a6c53fb38483c3485fcb9d6f3
  React-callinvoker: 1a635856fe0c3d8b13fccd4ed7e76283b99b0868
  React-Codegen: ef4eae658851739a69ec955c9957b3f9b7d45558
  React-Core: a4541fc5c759da408568cbf72253521fbfe40c7e
  React-CoreModules: 8698a02b4b3a172e0b809bd1a2ed30540e1b60be
  React-cxxreact: c9e823058d6cc8834da3bbdc7a06784db67fc222
  React-debug: ee33d7ba43766d9b10b32561527b57ccfbcb6bd1
  React-hermes: b46e650e7a0c948d382f989d9d03b574b90a50a7
  React-jsi: db98891b5227986d8cc64a9f4f37a4be980be448
  React-jsiexecutor: 7b950ed139738f2a446a9c0691ef0d07df3fb89e
  React-jsinspector: aef73cbd43b70675f572214d10fa438c89bf11ba
  React-logger: 984811296d6ce8fb1c1619cc8752c1029916d917
  React-NativeModulesApple: d57608e52c875d2b952b68afd0d8f0543d690c3d
  React-perflogger: cd8886513f68e1c135a1e79d20575c6489641597
  React-RCTActionSheet: 726d2615ca62a77ce3e2c13d87f65379cdc73498
  React-RCTAnimation: 8f2716b881c37c64858e4ecee0f58bfa57ff9afd
  React-RCTAppDelegate: 961d059d21aa103a67293d25df1715683dbc1a66
  React-RCTBlob: 92886e31e069db1997fc10a442df2a69979558ed
  React-RCTImage: 747e3d7b656a67470f9c234baedb8d41bbc4e745
  React-RCTLinking: 148332b5b0396b280b05534f7d168e560a3bbd5f
  React-RCTNetwork: 1d818121a8e678f064de663a6db7aaefc099e53c
  React-RCTSettings: 4b95d26ebc88bfd3b6535b2d7904914ff88dbfc2
  React-RCTText: ce4499e4f2d8f85dc4b93ff0559313a016c4f3e2
  React-RCTVibration: 45372e61b35e96d16893540958d156675afbeb63
  React-rncore: a79d1cb3d6c01b358a8aa0b31ccc04ab5f0dbebc
  React-runtimeexecutor: 7e31e2bc6d0ecc83d4ba05eadc98401007abc10c
  React-runtimescheduler: ab7903607aad767fa6cd95feb910fb11501f9946
  React-utils: 5b4df8692e966fd50e2d75c0f9659e176a292384
  ReactCommon: 82a84765046cde44e4086a762a16a1ec5c3386ca
  RNGestureHandler: 1e8bd230189b9e27bc513868a091e3edcccb6055
  RNReanimated: 56f46c673b3868748794689f11d65901e82e96df
  SocketRocket: f32cd54efbe0f095c4d7594881e52619cfe80b17
  Yoga: 86fed2e4d425ee4c6eab3813ba1791101ee153c6

PODFILE CHECKSUM: 9ebca0110a795fc58ffcd0f42c3e6dbb132590bc

COCOAPODS: 1.16.2
